
Microsoft Visual Studio Solution File, Format Version 12.00
# Visual Studio 15
VisualStudioVersion = 15.0.27428.2027
MinimumVisualStudioVersion = 10.0.40219.1
Project("{FAE04EC0-301F-11D3-BF4B-00C04F79EFBC}") = "MyOrleans.SiloHost", "MyOrleans.SiloHost\MyOrleans.SiloHost.csproj", "{1FF11C76-BC2D-4350-82F8-D55E1B686713}"
EndProject
Global
	GlobalSection(SolutionConfigurationPlatforms) = preSolution
		Debug|Any CPU = Debug|Any CPU
		Release|Any CPU = Release|Any CPU
	EndGlobalSection
	GlobalSection(ProjectConfigurationPlatforms) = postSolution
		{1FF11C76-BC2D-4350-82F8-D55E1B686713}.Debug|Any CPU.ActiveCfg = Debug|Any CPU
		{1FF11C76-BC2D-4350-82F8-D55E1B686713}.Debug|Any CPU.Build.0 = Debug|Any CPU
		{1FF11C76-BC2D-4350-82F8-D55E1B686713}.Release|Any CPU.ActiveCfg = Release|Any CPU
		{1FF11C76-BC2D-4350-82F8-D55E1B686713}.Release|Any CPU.Build.0 = Release|Any CPU
	EndGlobalSection
	GlobalSection(SolutionProperties) = preSolution
		HideSolutionNode = FALSE
	EndGlobalSection
	GlobalSection(ExtensibilityGlobals) = postSolution
		SolutionGuid = {BDC8916D-6C7B-4890-9A80-BBF992E6B27E}
	EndGlobalSection
EndGlobal
